
Microsoft Visual Studio Solution File, Format Version 12.00
# Visual Studio Version 16
VisualStudioVersion = 16.0.30011.22
MinimumVisualStudioVersion = 10.0.40219.1
Project("{FAE04EC0-301F-11D3-BF4B-00C04F79EFBC}") = "SalesWebMvc", "SalesWebMvc\SalesWebMvc.csproj", "{D1B0812F-AABE-4286-8BF1-49AFC6DE8CF3}"
EndProject
Global
	GlobalSection(SolutionConfigurationPlatforms) = preSolution
		Debug|Any CPU = Debug|Any CPU
		Release|Any CPU = Release|Any CPU
	EndGlobalSection
	GlobalSection(ProjectConfigurationPlatforms) = postSolution
		{D1B0812F-AABE-4286-8BF1-49AFC6DE8CF3}.Debug|Any CPU.ActiveCfg = Debug|Any CPU
		{D1B0812F-AABE-4286-8BF1-49AFC6DE8CF3}.Debug|Any CPU.Build.0 = Debug|Any CPU
		{D1B0812F-AABE-4286-8BF1-49AFC6DE8CF3}.Release|Any CPU.ActiveCfg = Release|Any CPU
		{D1B0812F-AABE-4286-8BF1-49AFC6DE8CF3}.Release|Any CPU.Build.0 = Release|Any CPU
	EndGlobalSection
	GlobalSection(SolutionProperties) = preSolution
		HideSolutionNode = FALSE
	EndGlobalSection
	GlobalSection(ExtensibilityGlobals) = postSolution
		SolutionGuid = {4E16D484-3D6E-448E-826F-5C39FC75CED3}
	EndGlobalSection
EndGlobal
